
Microsoft Visual Studio Solution File, Format Version 12.00
# Visual Studio 15
VisualStudioVersion = 15.0.28010.2026
MinimumVisualStudioVersion = 10.0.40219.1
Project("{2150E333-8FDC-42A3-9474-1A3956D46DE8}") = "API", "API", "{ED5E6272-87CE-4F20-9CFD-C75933F31880}"
EndProject
Project("{2150E333-8FDC-42A3-9474-1A3956D46DE8}") = "Core", "Core", "{919E23EF-1AD7-4EAB-A999-06E941D8CEE8}"
EndProject
Project("{9A19103F-16F7-4668-BE54-9A1E7A4F7556}") = "Cloudbase.Entities", "Cloudbase.Entities\Cloudbase.Entities.csproj", "{3B097D4F-2202-4E24-8D96-ABD7F29CB9DD}"
EndProject
Project("{9A19103F-16F7-4668-BE54-9A1E7A4F7556}") = "Cloudbase.Security", "Cloudbase.Security\Cloudbase.Security.csproj", "{0D2F5E05-DF35-4529-870A-35671246BED1}"
EndProject
Project("{9A19103F-16F7-4668-BE54-9A1E7A4F7556}") = "Cloudbase.ECommerce", "Cloudbase.ECommerce\Cloudbase.ECommerce.csproj", "{FD135184-4B14-4D23-B71C-8107D563E5F9}"
EndProject
Project("{2150E333-8FDC-42A3-9474-1A3956D46DE8}") = "Utility", "Utility", "{9B4FAA15-9994-41A6-B4F6-CB21787015E0}"
EndProject
Project("{9A19103F-16F7-4668-BE54-9A1E7A4F7556}") = "CloudBase.Core.Extensions", "CloudBase.Core.Extensions\CloudBase.Core.Extensions.csproj", "{3B929E8F-8361-4FDE-9A79-B319699ABD40}"
EndProject
Project("{9A19103F-16F7-4668-BE54-9A1E7A4F7556}") = "CloudBase.Data", "CloudBase.Data\CloudBase.Data.csproj", "{853EA93F-711F-4B21-9AFE-433792D4F150}"
EndProject
Project("{2150E333-8FDC-42A3-9474-1A3956D46DE8}") = "Host", "Host", "{82E21DA4-99DD-40B6-B584-085B40606522}"
EndProject
Project("{9A19103F-16F7-4668-BE54-9A1E7A4F7556}") = "CloudBase.CommonHost", "CloudBase.CommonHost\CloudBase.CommonHost.csproj", "{97CC64B3-EBBE-4019-ADD7-EA2B76684D4B}"
EndProject
Project("{2150E333-8FDC-42A3-9474-1A3956D46DE8}") = "Component", "Component", "{000DFD19-FFD4-41AB-BCA7-F8FA4632F4B4}"
EndProject
Project("{9A19103F-16F7-4668-BE54-9A1E7A4F7556}") = "CloudBase.ECommerceService", "CloudBase.ECommerceService\CloudBase.ECommerceService.csproj", "{C8BE7AEE-26C9-403A-B62E-9C69D891102C}"
EndProject
Project("{9A19103F-16F7-4668-BE54-9A1E7A4F7556}") = "CloudBase.Client", "CloudBase.Client\CloudBase.Client.csproj", "{562F113E-8EBD-42A9-B04F-E112528B22B9}"
EndProject
Project("{FAE04EC0-301F-11D3-BF4B-00C04F79EFBC}") = "CloudBase.TenantService", "CloudBase.TenantService\CloudBase.TenantService.csproj", "{8EF7EF24-4AD5-41E5-B1D8-181ABC2D674E}"
EndProject
Global
	GlobalSection(SolutionConfigurationPlatforms) = preSolution
		Debug|Any CPU = Debug|Any CPU
		Release|Any CPU = Release|Any CPU
	EndGlobalSection
	GlobalSection(ProjectConfigurationPlatforms) = postSolution
		{3B097D4F-2202-4E24-8D96-ABD7F29CB9DD}.Debug|Any CPU.ActiveCfg = Debug|Any CPU
		{3B097D4F-2202-4E24-8D96-ABD7F29CB9DD}.Debug|Any CPU.Build.0 = Debug|Any CPU
		{3B097D4F-2202-4E24-8D96-ABD7F29CB9DD}.Release|Any CPU.ActiveCfg = Release|Any CPU
		{3B097D4F-2202-4E24-8D96-ABD7F29CB9DD}.Release|Any CPU.Build.0 = Release|Any CPU
		{0D2F5E05-DF35-4529-870A-35671246BED1}.Debug|Any CPU.ActiveCfg = Debug|Any CPU
		{0D2F5E05-DF35-4529-870A-35671246BED1}.Debug|Any CPU.Build.0 = Debug|Any CPU
		{0D2F5E05-DF35-4529-870A-35671246BED1}.Release|Any CPU.ActiveCfg = Release|Any CPU
		{0D2F5E05-DF35-4529-870A-35671246BED1}.Release|Any CPU.Build.0 = Release|Any CPU
		{FD135184-4B14-4D23-B71C-8107D563E5F9}.Debug|Any CPU.ActiveCfg = Debug|Any CPU
		{FD135184-4B14-4D23-B71C-8107D563E5F9}.Debug|Any CPU.Build.0 = Debug|Any CPU
		{FD135184-4B14-4D23-B71C-8107D563E5F9}.Release|Any CPU.ActiveCfg = Release|Any CPU
		{FD135184-4B14-4D23-B71C-8107D563E5F9}.Release|Any CPU.Build.0 = Release|Any CPU
		{3B929E8F-8361-4FDE-9A79-B319699ABD40}.Debug|Any CPU.ActiveCfg = Debug|Any CPU
		{3B929E8F-8361-4FDE-9A79-B319699ABD40}.Debug|Any CPU.Build.0 = Debug|Any CPU
		{3B929E8F-8361-4FDE-9A79-B319699ABD40}.Release|Any CPU.ActiveCfg = Release|Any CPU
		{3B929E8F-8361-4FDE-9A79-B319699ABD40}.Release|Any CPU.Build.0 = Release|Any CPU
		{853EA93F-711F-4B21-9AFE-433792D4F150}.Debug|Any CPU.ActiveCfg = Debug|Any CPU
		{853EA93F-711F-4B21-9AFE-433792D4F150}.Debug|Any CPU.Build.0 = Debug|Any CPU
		{853EA93F-711F-4B21-9AFE-433792D4F150}.Release|Any CPU.ActiveCfg = Release|Any CPU
		{853EA93F-711F-4B21-9AFE-433792D4F150}.Release|Any CPU.Build.0 = Release|Any CPU
		{97CC64B3-EBBE-4019-ADD7-EA2B76684D4B}.Debug|Any CPU.ActiveCfg = Debug|Any CPU
		{97CC64B3-EBBE-4019-ADD7-EA2B76684D4B}.Debug|Any CPU.Build.0 = Debug|Any CPU
		{97CC64B3-EBBE-4019-ADD7-EA2B76684D4B}.Release|Any CPU.ActiveCfg = Release|Any CPU
		{97CC64B3-EBBE-4019-ADD7-EA2B76684D4B}.Release|Any CPU.Build.0 = Release|Any CPU
		{C8BE7AEE-26C9-403A-B62E-9C69D891102C}.Debug|Any CPU.ActiveCfg = Debug|Any CPU
		{C8BE7AEE-26C9-403A-B62E-9C69D891102C}.Debug|Any CPU.Build.0 = Debug|Any CPU
		{C8BE7AEE-26C9-403A-B62E-9C69D891102C}.Release|Any CPU.ActiveCfg = Release|Any CPU
		{C8BE7AEE-26C9-403A-B62E-9C69D891102C}.Release|Any CPU.Build.0 = Release|Any CPU
		{562F113E-8EBD-42A9-B04F-E112528B22B9}.Debug|Any CPU.ActiveCfg = Debug|Any CPU
		{562F113E-8EBD-42A9-B04F-E112528B22B9}.Debug|Any CPU.Build.0 = Debug|Any CPU
		{562F113E-8EBD-42A9-B04F-E112528B22B9}.Release|Any CPU.ActiveCfg = Release|Any CPU
		{562F113E-8EBD-42A9-B04F-E112528B22B9}.Release|Any CPU.Build.0 = Release|Any CPU
		{8EF7EF24-4AD5-41E5-B1D8-181ABC2D674E}.Debug|Any CPU.ActiveCfg = Debug|Any CPU
		{8EF7EF24-4AD5-41E5-B1D8-181ABC2D674E}.Debug|Any CPU.Build.0 = Debug|Any CPU
		{8EF7EF24-4AD5-41E5-B1D8-181ABC2D674E}.Release|Any CPU.ActiveCfg = Release|Any CPU
		{8EF7EF24-4AD5-41E5-B1D8-181ABC2D674E}.Release|Any CPU.Build.0 = Release|Any CPU
	EndGlobalSection
	GlobalSection(SolutionProperties) = preSolution
		HideSolutionNode = FALSE
	EndGlobalSection
	GlobalSection(NestedProjects) = preSolution
		{3B097D4F-2202-4E24-8D96-ABD7F29CB9DD} = {919E23EF-1AD7-4EAB-A999-06E941D8CEE8}
		{0D2F5E05-DF35-4529-870A-35671246BED1} = {ED5E6272-87CE-4F20-9CFD-C75933F31880}
		{FD135184-4B14-4D23-B71C-8107D563E5F9} = {ED5E6272-87CE-4F20-9CFD-C75933F31880}
		{3B929E8F-8361-4FDE-9A79-B319699ABD40} = {9B4FAA15-9994-41A6-B4F6-CB21787015E0}
		{853EA93F-711F-4B21-9AFE-433792D4F150} = {919E23EF-1AD7-4EAB-A999-06E941D8CEE8}
		{97CC64B3-EBBE-4019-ADD7-EA2B76684D4B} = {82E21DA4-99DD-40B6-B584-085B40606522}
		{C8BE7AEE-26C9-403A-B62E-9C69D891102C} = {000DFD19-FFD4-41AB-BCA7-F8FA4632F4B4}
		{562F113E-8EBD-42A9-B04F-E112528B22B9} = {9B4FAA15-9994-41A6-B4F6-CB21787015E0}
		{8EF7EF24-4AD5-41E5-B1D8-181ABC2D674E} = {000DFD19-FFD4-41AB-BCA7-F8FA4632F4B4}
	EndGlobalSection
	GlobalSection(ExtensibilityGlobals) = postSolution
		SolutionGuid = {5937CAD5-63F1-47B1-8810-C5AE0BDE1C75}
	EndGlobalSection
EndGlobal
